// !$*UTF8*$!
{
	archiveVersion = 1;
	classes = {
	};
	objectVersion = 77;
	objects = {

/* Begin PBXBuildFile section */
		0B8FD4732EAD24EF00AABC6F /* Assets.xcassets in Resources */ = {isa = PBXBuildFile; fileRef = 0B8FD4682EAD24EF00AABC6F /* Assets.xcassets */; };
		0B8FD4752EAD24EF00AABC6F /* LaunchScreen.storyboard in Resources */ = {isa = PBXBuildFile; fileRef = 0B8FD46B2EAD24EF00AABC6F /* LaunchScreen.storyboard */; };
		0B8FD4772EAD24EF00AABC6F /* AppDelegate.swift in Sources */ = {isa = PBXBuildFile; fileRef = 0B8FD4672EAD24EF00AABC6F /* AppDelegate.swift */; };
		0B8FD4782EAD24EF00AABC6F /* SceneDelegate.swift in Sources */ = {isa = PBXBuildFile; fileRef = 0B8FD46E2EAD24EF00AABC6F /* SceneDelegate.swift */; };
		0B8FD4792EAD24EF00AABC6F /* TaskMate.xcdatamodeld in Sources */ = {isa = PBXBuildFile; fileRef = 0B8FD46F2EAD24EF00AABC6F /* TaskMate.xcdatamodeld */; };
		0B8FD4822EAD279C00AABC6F /* TaskListViewController.swift in Sources */ = {isa = PBXBuildFile; fileRef = 0B8FD4812EAD279C00AABC6F /* TaskListViewController.swift */; };
		0B8FD4842EAD289D00AABC6F /* TaskListView.swift in Sources */ = {isa = PBXBuildFile; fileRef = 0B8FD4832EAD289D00AABC6F /* TaskListView.swift */; };
		0B8FD4862EAD2A8000AABC6F /* TaskCell.swift in Sources */ = {isa = PBXBuildFile; fileRef = 0B8FD4852EAD2A8000AABC6F /* TaskCell.swift */; };
/* End PBXBuildFile section */

/* Begin PBXFileReference section */
		0B8FD44C2EAD24D400AABC6F /* TaskMate.app */ = {isa = PBXFileReference; explicitFileType = wrapper.application; includeInIndex = 0; path = TaskMate.app; sourceTree = BUILT_PRODUCTS_DIR; };
		0B8FD4672EAD24EF00AABC6F /* AppDelegate.swift */ = {isa = PBXFileReference; lastKnownFileType = sourcecode.swift; path = AppDelegate.swift; sourceTree = "<group>"; };
		0B8FD4682EAD24EF00AABC6F /* Assets.xcassets */ = {isa = PBXFileReference; lastKnownFileType = folder.assetcatalog; path = Assets.xcassets; sourceTree = "<group>"; };
		0B8FD4692EAD24EF00AABC6F /* Info.plist */ = {isa = PBXFileReference; lastKnownFileType = text.plist.xml; path = Info.plist; sourceTree = "<group>"; };
		0B8FD46A2EAD24EF00AABC6F /* Base */ = {isa = PBXFileReference; lastKnownFileType = file.storyboard; name = Base; path = Base.lproj/LaunchScreen.storyboard; sourceTree = "<group>"; };
		0B8FD46E2EAD24EF00AABC6F /* SceneDelegate.swift */ = {isa = PBXFileReference; lastKnownFileType = sourcecode.swift; path = SceneDelegate.swift; sourceTree = "<group>"; };
		0B8FD4722EAD24EF00AABC6F /* TaskMate.xcdatamodel */ = {isa = PBXFileReference; lastKnownFileType = wrapper.xcdatamodel; path = TaskMate.xcdatamodel; sourceTree = "<group>"; };
		0B8FD4812EAD279C00AABC6F /* TaskListViewController.swift */ = {isa = PBXFileReference; lastKnownFileType = sourcecode.swift; path = TaskListViewController.swift; sourceTree = "<group>"; };
		0B8FD4832EAD289D00AABC6F /* TaskListView.swift */ = {isa = PBXFileReference; lastKnownFileType = sourcecode.swift; path = TaskListView.swift; sourceTree = "<group>"; };
		0B8FD4852EAD2A8000AABC6F /* TaskCell.swift */ = {isa = PBXFileReference; lastKnownFileType = sourcecode.swift; path = TaskCell.swift; sourceTree = "<group>"; };
/* End PBXFileReference section */

/* Begin PBXFrameworksBuildPhase section */
		0B8FD4492EAD24D400AABC6F /* Frameworks */ = {
			isa = PBXFrameworksBuildPhase;
			buildActionMask = 2147483647;
			files = (
			);
			runOnlyForDeploymentPostprocessing = 0;
		};
/* End PBXFrameworksBuildPhase section */

/* Begin PBXGroup section */
		0B8FD4432EAD24D400AABC6F = {
			isa = PBXGroup;
			children = (
				0B8FD4712EAD24EF00AABC6F /* TaskMate */,
				0B8FD44D2EAD24D400AABC6F /* Products */,
			);
			sourceTree = "<group>";
		};
		0B8FD44D2EAD24D400AABC6F /* Products */ = {
			isa = PBXGroup;
			children = (
				0B8FD44C2EAD24D400AABC6F /* TaskMate.app */,
			);
			name = Products;
			sourceTree = "<group>";
		};
		0B8FD4712EAD24EF00AABC6F /* TaskMate */ = {
			isa = PBXGroup;
			children = (
				0B8FD4672EAD24EF00AABC6F /* AppDelegate.swift */,
				0B8FD46E2EAD24EF00AABC6F /* SceneDelegate.swift */,
				0B8FD47B2EAD250100AABC6F /* Models */,
				0B8FD47C2EAD250A00AABC6F /* Views */,
				0B8FD47E2EAD251900AABC6F /* ViewControllers */,
				0B8FD47D2EAD251000AABC6F /* Cells */,
				0B8FD47F2EAD252E00AABC6F /* Services */,
				0B8FD4802EAD253D00AABC6F /* Resources */,
				0B8FD4692EAD24EF00AABC6F /* Info.plist */,
				0B8FD46B2EAD24EF00AABC6F /* LaunchScreen.storyboard */,
				0B8FD46F2EAD24EF00AABC6F /* TaskMate.xcdatamodeld */,
			);
			path = TaskMate;
			sourceTree = "<group>";
		};
		0B8FD47B2EAD250100AABC6F /* Models */ = {
			isa = PBXGroup;
			children = (
			);
			path = Models;
			sourceTree = "<group>";
		};
		0B8FD47C2EAD250A00AABC6F /* Views */ = {
			isa = PBXGroup;
			children = (
				0B8FD4832EAD289D00AABC6F /* TaskListView.swift */,
			);
			path = Views;
			sourceTree = "<group>";
		};
		0B8FD47D2EAD251000AABC6F /* Cells */ = {
			isa = PBXGroup;
			children = (
				0B8FD4852EAD2A8000AABC6F /* TaskCell.swift */,
			);
			path = Cells;
			sourceTree = "<group>";
		};
		0B8FD47E2EAD251900AABC6F /* ViewControllers */ = {
			isa = PBXGroup;
			children = (
				0B8FD4812EAD279C00AABC6F /* TaskListViewController.swift */,
			);
			path = ViewControllers;
			sourceTree = "<group>";
		};
		0B8FD47F2EAD252E00AABC6F /* Services */ = {
			isa = PBXGroup;
			children = (
			);
			path = Services;
			sourceTree = "<group>";
		};
		0B8FD4802EAD253D00AABC6F /* Resources */ = {
			isa = PBXGroup;
			children = (
				0B8FD4682EAD24EF00AABC6F /* Assets.xcassets */,
			);
			path = Resources;
			sourceTree = "<group>";
		};
/* End PBXGroup section */

/* Begin PBXNativeTarget section */
		0B8FD44B2EAD24D400AABC6F /* TaskMate */ = {
			isa = PBXNativeTarget;
			buildConfigurationList = 0B8FD4622EAD24D500AABC6F /* Build configuration list for PBXNativeTarget "TaskMate" */;
			buildPhases = (
				0B8FD4482EAD24D400AABC6F /* Sources */,
				0B8FD4492EAD24D400AABC6F /* Frameworks */,
				0B8FD44A2EAD24D400AABC6F /* Resources */,
			);
			buildRules = (
			);
			dependencies = (
			);
			name = TaskMate;
			packageProductDependencies = (
			);
			productName = TaskMate;
			productReference = 0B8FD44C2EAD24D400AABC6F /* TaskMate.app */;
			productType = "com.apple.product-type.application";
		};
/* End PBXNativeTarget section */

/* Begin PBXProject section */
		0B8FD4442EAD24D400AABC6F /* Project object */ = {
			isa = PBXProject;
			attributes = {
				BuildIndependentTargetsInParallel = 1;
				LastSwiftUpdateCheck = 1640;
				LastUpgradeCheck = 1640;
				TargetAttributes = {
					0B8FD44B2EAD24D400AABC6F = {
						CreatedOnToolsVersion = 16.4;
					};
				};
			};
			buildConfigurationList = 0B8FD4472EAD24D400AABC6F /* Build configuration list for PBXProject "TaskMate" */;
			developmentRegion = en;
			hasScannedForEncodings = 0;
			knownRegions = (
				en,
				Base,
			);
			mainGroup = 0B8FD4432EAD24D400AABC6F;
			minimizedProjectReferenceProxies = 1;
			preferredProjectObjectVersion = 77;
			productRefGroup = 0B8FD44D2EAD24D400AABC6F /* Products */;
			projectDirPath = "";
			projectRoot = "";
			targets = (
				0B8FD44B2EAD24D400AABC6F /* TaskMate */,
			);
		};
/* End PBXProject section */

/* Begin PBXResourcesBuildPhase section */
		0B8FD44A2EAD24D400AABC6F /* Resources */ = {
			isa = PBXResourcesBuildPhase;
			buildActionMask = 2147483647;
			files = (
				0B8FD4732EAD24EF00AABC6F /* Assets.xcassets in Resources */,
				0B8FD4752EAD24EF00AABC6F /* LaunchScreen.storyboard in Resources */,
			);
			runOnlyForDeploymentPostprocessing = 0;
		};
/* End PBXResourcesBuildPhase section */

/* Begin PBXSourcesBuildPhase section */
		0B8FD4482EAD24D400AABC6F /* Sources */ = {
			isa = PBXSourcesBuildPhase;
			buildActionMask = 2147483647;
			files = (
				0B8FD4772EAD24EF00AABC6F /* AppDelegate.swift in Sources */,
				0B8FD4822EAD279C00AABC6F /* TaskListViewController.swift in Sources */,
				0B8FD4842EAD289D00AABC6F /* TaskListView.swift in Sources */,
				0B8FD4782EAD24EF00AABC6F /* SceneDelegate.swift in Sources */,
				0B8FD4862EAD2A8000AABC6F /* TaskCell.swift in Sources */,
				0B8FD4792EAD24EF00AABC6F /* TaskMate.xcdatamodeld in Sources */,
			);
			runOnlyForDeploymentPostprocessing = 0;
		};
/* End PBXSourcesBuildPhase section */

/* Begin PBXVariantGroup section */
		0B8FD46B2EAD24EF00AABC6F /* LaunchScreen.storyboard */ = {
			isa = PBXVariantGroup;
			children = (
				0B8FD46A2EAD24EF00AABC6F /* Base */,
			);
			name = LaunchScreen.storyboard;
			sourceTree = "<group>";
		};
/* End PBXVariantGroup section */

/* Begin XCBuildConfiguration section */
		0B8FD4632EAD24D500AABC6F /* Debug */ = {
			isa = XCBuildConfiguration;
			buildSettings = {
				ASSETCATALOG_COMPILER_APPICON_NAME = AppIcon;
				ASSETCATALOG_COMPILER_GLOBAL_ACCENT_COLOR_NAME = AccentColor;
				CODE_SIGN_STYLE = Automatic;
				CURRENT_PROJECT_VERSION = 1;
				DEVELOPMENT_TEAM = 37PNCKQ4BG;
				GENERATE_INFOPLIST_FILE = YES;
				INFOPLIST_FILE = TaskMate/Info.plist;
				INFOPLIST_KEY_UIApplicationSupportsIndirectInputEvents = YES;
				INFOPLIST_KEY_UILaunchStoryboardName = LaunchScreen;
				INFOPLIST_KEY_UISupportedInterfaceOrientations = UIInterfaceOrientationPortrait;
				INFOPLIST_KEY_UISupportedInterfaceOrientations_iPad = "UIInterfaceOrientationLandscapeLeft UIInterfaceOrientationLandscapeRight UIInterfaceOrientationPortrait UIInterfaceOrientationPortraitUpsideDown";
				LD_RUNPATH_SEARCH_PATHS = (
					"$(inherited)",
					"@executable_path/Frameworks",
				);
				MARKETING_VERSION = 1.0;
				PRODUCT_BUNDLE_IDENTIFIER = Alexander.TaskMate;
				PRODUCT_NAME = "$(TARGET_NAME)";
				SUPPORTED_PLATFORMS = "iphoneos iphonesimulator";
				SUPPORTS_MACCATALYST = NO;
				SUPPORTS_MAC_DESIGNED_FOR_IPHONE_IPAD = NO;
				SUPPORTS_XR_DESIGNED_FOR_IPHONE_IPAD = NO;
				SWIFT_EMIT_LOC_STRINGS = YES;
				SWIFT_VERSION = 5.0;
				TARGETED_DEVICE_FAMILY = 1;
			};
			name = Debug;
		};
		0B8FD4642EAD24D500AABC6F /* Release */ = {
			isa = XCBuildConfiguration;
			buildSettings = {
				ASSETCATALOG_COMPILER_APPICON_NAME = AppIcon;
				ASSETCATALOG_COMPILER_GLOBAL_ACCENT_COLOR_NAME = AccentColor;
				CODE_SIGN_STYLE = Automatic;
				CURRENT_PROJECT_VERSION = 1;
				DEVELOPMENT_TEAM = 37PNCKQ4BG;
				GENERATE_INFOPLIST_FILE = YES;
				INFOPLIST_FILE = TaskMate/Info.plist;
				INFOPLIST_KEY_UIApplicationSupportsIndirectInputEvents = YES;
				INFOPLIST_KEY_UILaunchStoryboardName = LaunchScreen;
				INFOPLIST_KEY_UISupportedInterfaceOrientations = UIInterfaceOrientationPortrait;
				INFOPLIST_KEY_UISupportedInterfaceOrientations_iPad = "UIInterfaceOrientationLandscapeLeft UIInterfaceOrientationLandscapeRight UIInterfaceOrientationPortrait UIInterfaceOrientationPortraitUpsideDown";
				LD_RUNPATH_SEARCH_PATHS = (
					"$(inherited)",
					"@executable_path/Frameworks",
				);
				MARKETING_VERSION = 1.0;
				PRODUCT_BUNDLE_IDENTIFIER = Alexander.TaskMate;
				PRODUCT_NAME = "$(TARGET_NAME)";
				SUPPORTED_PLATFORMS = "iphoneos iphonesimulator";
				SUPPORTS_MACCATALYST = NO;
				SUPPORTS_MAC_DESIGNED_FOR_IPHONE_IPAD = NO;
				SUPPORTS_XR_DESIGNED_FOR_IPHONE_IPAD = NO;
				SWIFT_EMIT_LOC_STRINGS = YES;
				SWIFT_VERSION = 5.0;
				TARGETED_DEVICE_FAMILY = 1;
			};
			name = Release;
		};
		0B8FD4652EAD24D500AABC6F /* Debug */ = {
			isa = XCBuildConfiguration;
			buildSettings = {
				ALWAYS_SEARCH_USER_PATHS = NO;
				ASSETCATALOG_COMPILER_GENERATE_SWIFT_ASSET_SYMBOL_EXTENSIONS = YES;
				CLANG_ANALYZER_NONNULL = YES;
				CLANG_ANALYZER_NUMBER_OBJECT_CONVERSION = YES_AGGRESSIVE;
				CLANG_CXX_LANGUAGE_STANDARD = "gnu++20";
				CLANG_ENABLE_MODULES = YES;
				CLANG_ENABLE_OBJC_ARC = YES;
				CLANG_ENABLE_OBJC_WEAK = YES;
				CLANG_WARN_BLOCK_CAPTURE_AUTORELEASING = YES;
				CLANG_WARN_BOOL_CONVERSION = YES;
				CLANG_WARN_COMMA = YES;
				CLANG_WARN_CONSTANT_CONVERSION = YES;
				CLANG_WARN_DEPRECATED_OBJC_IMPLEMENTATIONS = YES;
				CLANG_WARN_DIRECT_OBJC_ISA_USAGE = YES_ERROR;
				CLANG_WARN_DOCUMENTATION_COMMENTS = YES;
				CLANG_WARN_EMPTY_BODY = YES;
				CLANG_WARN_ENUM_CONVERSION = YES;
				CLANG_WARN_INFINITE_RECURSION = YES;
				CLANG_WARN_INT_CONVERSION = YES;
				CLANG_WARN_NON_LITERAL_NULL_CONVERSION = YES;
				CLANG_WARN_OBJC_IMPLICIT_RETAIN_SELF = YES;
				CLANG_WARN_OBJC_LITERAL_CONVERSION = YES;
				CLANG_WARN_OBJC_ROOT_CLASS = YES_ERROR;
				CLANG_WARN_QUOTED_INCLUDE_IN_FRAMEWORK_HEADER = YES;
				CLANG_WARN_RANGE_LOOP_ANALYSIS = YES;
				CLANG_WARN_STRICT_PROTOTYPES = YES;
				CLANG_WARN_SUSPICIOUS_MOVE = YES;
				CLANG_WARN_UNGUARDED_AVAILABILITY = YES_AGGRESSIVE;
				CLANG_WARN_UNREACHABLE_CODE = YES;
				CLANG_WARN__DUPLICATE_METHOD_MATCH = YES;
				COPY_PHASE_STRIP = NO;
				DEBUG_INFORMATION_FORMAT = dwarf;
				ENABLE_STRICT_OBJC_MSGSEND = YES;
				ENABLE_TESTABILITY = YES;
				ENABLE_USER_SCRIPT_SANDBOXING = YES;
				GCC_C_LANGUAGE_STANDARD = gnu17;
				GCC_DYNAMIC_NO_PIC = NO;
				GCC_NO_COMMON_BLOCKS = YES;
				GCC_OPTIMIZATION_LEVEL = 0;
				GCC_PREPROCESSOR_DEFINITIONS = (
					"DEBUG=1",
					"$(inherited)",
				);
				GCC_WARN_64_TO_32_BIT_CONVERSION = YES;
				GCC_WARN_ABOUT_RETURN_TYPE = YES_ERROR;
				GCC_WARN_UNDECLARED_SELECTOR = YES;
				GCC_WARN_UNINITIALIZED_AUTOS = YES_AGGRESSIVE;
				GCC_WARN_UNUSED_FUNCTION = YES;
				GCC_WARN_UNUSED_VARIABLE = YES;
				IPHONEOS_DEPLOYMENT_TARGET = 18.5;
				LOCALIZATION_PREFERS_STRING_CATALOGS = YES;
				MTL_ENABLE_DEBUG_INFO = INCLUDE_SOURCE;
				MTL_FAST_MATH = YES;
				ONLY_ACTIVE_ARCH = YES;
				SDKROOT = iphoneos;
				SWIFT_ACTIVE_COMPILATION_CONDITIONS = "DEBUG $(inherited)";
				SWIFT_OPTIMIZATION_LEVEL = "-Onone";
			};
			name = Debug;
		};
		0B8FD4662EAD24D500AABC6F /* Release */ = {
			isa = XCBuildConfiguration;
			buildSettings = {
				ALWAYS_SEARCH_USER_PATHS = NO;
				ASSETCATALOG_COMPILER_GENERATE_SWIFT_ASSET_SYMBOL_EXTENSIONS = YES;
				CLANG_ANALYZER_NONNULL = YES;
				CLANG_ANALYZER_NUMBER_OBJECT_CONVERSION = YES_AGGRESSIVE;
				CLANG_CXX_LANGUAGE_STANDARD = "gnu++20";
				CLANG_ENABLE_MODULES = YES;
				CLANG_ENABLE_OBJC_ARC = YES;
				CLANG_ENABLE_OBJC_WEAK = YES;
				CLANG_WARN_BLOCK_CAPTURE_AUTORELEASING = YES;
				CLANG_WARN_BOOL_CONVERSION = YES;
				CLANG_WARN_COMMA = YES;
				CLANG_WARN_CONSTANT_CONVERSION = YES;
				CLANG_WARN_DEPRECATED_OBJC_IMPLEMENTATIONS = YES;
				CLANG_WARN_DIRECT_OBJC_ISA_USAGE = YES_ERROR;
				CLANG_WARN_DOCUMENTATION_COMMENTS = YES;
				CLANG_WARN_EMPTY_BODY = YES;
				CLANG_WARN_ENUM_CONVERSION = YES;
				CLANG_WARN_INFINITE_RECURSION = YES;
				CLANG_WARN_INT_CONVERSION = YES;
				CLANG_WARN_NON_LITERAL_NULL_CONVERSION = YES;
				CLANG_WARN_OBJC_IMPLICIT_RETAIN_SELF = YES;
				CLANG_WARN_OBJC_LITERAL_CONVERSION = YES;
				CLANG_WARN_OBJC_ROOT_CLASS = YES_ERROR;
				CLANG_WARN_QUOTED_INCLUDE_IN_FRAMEWORK_HEADER = YES;
				CLANG_WARN_RANGE_LOOP_ANALYSIS = YES;
				CLANG_WARN_STRICT_PROTOTYPES = YES;
				CLANG_WARN_SUSPICIOUS_MOVE = YES;
				CLANG_WARN_UNGUARDED_AVAILABILITY = YES_AGGRESSIVE;
				CLANG_WARN_UNREACHABLE_CODE = YES;
				CLANG_WARN__DUPLICATE_METHOD_MATCH = YES;
				COPY_PHASE_STRIP = NO;
				DEBUG_INFORMATION_FORMAT = "dwarf-with-dsym";
				ENABLE_NS_ASSERTIONS = NO;
				ENABLE_STRICT_OBJC_MSGSEND = YES;
				ENABLE_USER_SCRIPT_SANDBOXING = YES;
				GCC_C_LANGUAGE_STANDARD = gnu17;
				GCC_NO_COMMON_BLOCKS = YES;
				GCC_WARN_64_TO_32_BIT_CONVERSION = YES;
				GCC_WARN_ABOUT_RETURN_TYPE = YES_ERROR;
				GCC_WARN_UNDECLARED_SELECTOR = YES;
				GCC_WARN_UNINITIALIZED_AUTOS = YES_AGGRESSIVE;
				GCC_WARN_UNUSED_FUNCTION = YES;
				GCC_WARN_UNUSED_VARIABLE = YES;
				IPHONEOS_DEPLOYMENT_TARGET = 18.5;
				LOCALIZATION_PREFERS_STRING_CATALOGS = YES;
				MTL_ENABLE_DEBUG_INFO = NO;
				MTL_FAST_MATH = YES;
				SDKROOT = iphoneos;
				SWIFT_COMPILATION_MODE = wholemodule;
				VALIDATE_PRODUCT = YES;
			};
			name = Release;
		};
/* End XCBuildConfiguration section */

/* Begin XCConfigurationList section */
		0B8FD4472EAD24D400AABC6F /* Build configuration list for PBXProject "TaskMate" */ = {
			isa = XCConfigurationList;
			buildConfigurations = (
				0B8FD4652EAD24D500AABC6F /* Debug */,
				0B8FD4662EAD24D500AABC6F /* Release */,
			);
			defaultConfigurationIsVisible = 0;
			defaultConfigurationName = Release;
		};
		0B8FD4622EAD24D500AABC6F /* Build configuration list for PBXNativeTarget "TaskMate" */ = {
			isa = XCConfigurationList;
			buildConfigurations = (
				0B8FD4632EAD24D500AABC6F /* Debug */,
				0B8FD4642EAD24D500AABC6F /* Release */,
			);
			defaultConfigurationIsVisible = 0;
			defaultConfigurationName = Release;
		};
/* End XCConfigurationList section */

/* Begin XCVersionGroup section */
		0B8FD46F2EAD24EF00AABC6F /* TaskMate.xcdatamodeld */ = {
			isa = XCVersionGroup;
			children = (
				0B8FD4722EAD24EF00AABC6F /* TaskMate.xcdatamodel */,
			);
			currentVersion = 0B8FD4722EAD24EF00AABC6F /* TaskMate.xcdatamodel */;
			path = TaskMate.xcdatamodeld;
			sourceTree = "<group>";
			versionGroupType = wrapper.xcdatamodel;
		};
/* End XCVersionGroup section */
	};
	rootObject = 0B8FD4442EAD24D400AABC6F /* Project object */;
}
